
Microsoft Visual Studio Solution File, Format Version 12.00
# Visual Studio Version 17
VisualStudioVersion = 17.13.35806.99 d17.13
MinimumVisualStudioVersion = 10.0.40219.1
Project("{FAE04EC0-301F-11D3-BF4B-00C04F79EFBC}") = "PrimerProyectoClase01", "PrimerProyectoClase01\PrimerProyectoClase01.csproj", "{7455A520-CD26-4855-A5AD-72CA362822B4}"
EndProject
Global
	GlobalSection(SolutionConfigurationPlatforms) = preSolution
		Debug|Any CPU = Debug|Any CPU
		Release|Any CPU = Release|Any CPU
	EndGlobalSection
	GlobalSection(ProjectConfigurationPlatforms) = postSolution
		{7455A520-CD26-4855-A5AD-72CA362822B4}.Debug|Any CPU.ActiveCfg = Debug|Any CPU
		{7455A520-CD26-4855-A5AD-72CA362822B4}.Debug|Any CPU.Build.0 = Debug|Any CPU
		{7455A520-CD26-4855-A5AD-72CA362822B4}.Release|Any CPU.ActiveCfg = Release|Any CPU
		{7455A520-CD26-4855-A5AD-72CA362822B4}.Release|Any CPU.Build.0 = Release|Any CPU
	EndGlobalSection
	GlobalSection(SolutionProperties) = preSolution
		HideSolutionNode = FALSE
	EndGlobalSection
	GlobalSection(ExtensibilityGlobals) = postSolution
		SolutionGuid = {49325AD2-5861-49E4-BF73-F1FA1F766AC7}
	EndGlobalSection
EndGlobal
